
Microsoft Visual Studio Solution File, Format Version 12.00
# Visual Studio 15
VisualStudioVersion = 15.0.28307.757
MinimumVisualStudioVersion = 10.0.40219.1
Project("{9A19103F-16F7-4668-BE54-9A1E7A4F7556}") = "WebApiDemo", "WebApiDemo\WebApiDemo.csproj", "{228427D4-9354-4194-B8AE-A14A626C8D38}"
EndProject
Project("{FAE04EC0-301F-11D3-BF4B-00C04F79EFBC}") = "WebApiDemo.Tests", "WebApiDemo.Tests\WebApiDemo.Tests.csproj", "{5C54EC9C-F776-4B80-82AD-D4FEA6915066}"
EndProject
Global
	GlobalSection(SolutionConfigurationPlatforms) = preSolution
		Debug|Any CPU = Debug|Any CPU
		Release|Any CPU = Release|Any CPU
	EndGlobalSection
	GlobalSection(ProjectConfigurationPlatforms) = postSolution
		{228427D4-9354-4194-B8AE-A14A626C8D38}.Debug|Any CPU.ActiveCfg = Debug|Any CPU
		{228427D4-9354-4194-B8AE-A14A626C8D38}.Debug|Any CPU.Build.0 = Debug|Any CPU
		{228427D4-9354-4194-B8AE-A14A626C8D38}.Release|Any CPU.ActiveCfg = Release|Any CPU
		{228427D4-9354-4194-B8AE-A14A626C8D38}.Release|Any CPU.Build.0 = Release|Any CPU
		{5C54EC9C-F776-4B80-82AD-D4FEA6915066}.Debug|Any CPU.ActiveCfg = Debug|Any CPU
		{5C54EC9C-F776-4B80-82AD-D4FEA6915066}.Debug|Any CPU.Build.0 = Debug|Any CPU
		{5C54EC9C-F776-4B80-82AD-D4FEA6915066}.Release|Any CPU.ActiveCfg = Release|Any CPU
		{5C54EC9C-F776-4B80-82AD-D4FEA6915066}.Release|Any CPU.Build.0 = Release|Any CPU
	EndGlobalSection
	GlobalSection(SolutionProperties) = preSolution
		HideSolutionNode = FALSE
	EndGlobalSection
	GlobalSection(ExtensibilityGlobals) = postSolution
		SolutionGuid = {EDCFF007-9B27-4BB5-B0AB-F0EE7D2AD2B9}
	EndGlobalSection
EndGlobal
